
Microsoft Visual Studio Solution File, Format Version 12.00
# Visual Studio Version 17
VisualStudioVersion = 17.0.31903.59
MinimumVisualStudioVersion = 10.0.40219.1
Project("{2150E333-8FDC-42A3-9474-1A3956D46DE8}") = "services", "services", "{3F74FD99-2975-43D0-9F87-766E68842DE9}"
EndProject
Project("{FAE04EC0-301F-11D3-BF4B-00C04F79EFBC}") = "SuiFederation", "services\SuiFederation\SuiFederation.csproj", "{8FB95423-88B2-46A9-B844-6554F8AFED6C}"
EndProject
Project("{FAE04EC0-301F-11D3-BF4B-00C04F79EFBC}") = "SuiFederationCommon", "services\SuiFederationCommon\SuiFederationCommon.csproj", "{75E91C6C-2940-41C4-82D1-19BF19FFBFDF}"
EndProject
Project("{FAE04EC0-301F-11D3-BF4B-00C04F79EFBC}") = "SuiFederationStorage", "services\SuiFederationStorage\SuiFederationStorage.csproj", "{49C4AB22-0783-457B-B12C-94DA97180648}"
EndProject
Project("{FAE04EC0-301F-11D3-BF4B-00C04F79EFBC}") = "SuiNodeService", "services\SuiNodeService\SuiNodeService.csproj", "{8575898F-AC7A-4892-BA4B-8EC5177282D3}"
EndProject
Global
	GlobalSection(SolutionConfigurationPlatforms) = preSolution
		Debug|Any CPU = Debug|Any CPU
		Release|Any CPU = Release|Any CPU
	EndGlobalSection
	GlobalSection(SolutionProperties) = preSolution
		HideSolutionNode = FALSE
	EndGlobalSection
	GlobalSection(ProjectConfigurationPlatforms) = postSolution
		{8FB95423-88B2-46A9-B844-6554F8AFED6C}.Debug|Any CPU.ActiveCfg = Debug|Any CPU
		{8FB95423-88B2-46A9-B844-6554F8AFED6C}.Debug|Any CPU.Build.0 = Debug|Any CPU
		{8FB95423-88B2-46A9-B844-6554F8AFED6C}.Release|Any CPU.ActiveCfg = Release|Any CPU
		{8FB95423-88B2-46A9-B844-6554F8AFED6C}.Release|Any CPU.Build.0 = Release|Any CPU
		{75E91C6C-2940-41C4-82D1-19BF19FFBFDF}.Debug|Any CPU.ActiveCfg = Debug|Any CPU
		{75E91C6C-2940-41C4-82D1-19BF19FFBFDF}.Debug|Any CPU.Build.0 = Debug|Any CPU
		{75E91C6C-2940-41C4-82D1-19BF19FFBFDF}.Release|Any CPU.ActiveCfg = Release|Any CPU
		{75E91C6C-2940-41C4-82D1-19BF19FFBFDF}.Release|Any CPU.Build.0 = Release|Any CPU
		{49C4AB22-0783-457B-B12C-94DA97180648}.Debug|Any CPU.ActiveCfg = Debug|Any CPU
		{49C4AB22-0783-457B-B12C-94DA97180648}.Debug|Any CPU.Build.0 = Debug|Any CPU
		{49C4AB22-0783-457B-B12C-94DA97180648}.Release|Any CPU.ActiveCfg = Release|Any CPU
		{49C4AB22-0783-457B-B12C-94DA97180648}.Release|Any CPU.Build.0 = Release|Any CPU
		{8575898F-AC7A-4892-BA4B-8EC5177282D3}.Debug|Any CPU.ActiveCfg = Debug|Any CPU
		{8575898F-AC7A-4892-BA4B-8EC5177282D3}.Debug|Any CPU.Build.0 = Debug|Any CPU
		{8575898F-AC7A-4892-BA4B-8EC5177282D3}.Release|Any CPU.ActiveCfg = Release|Any CPU
		{8575898F-AC7A-4892-BA4B-8EC5177282D3}.Release|Any CPU.Build.0 = Release|Any CPU
	EndGlobalSection
	GlobalSection(NestedProjects) = preSolution
		{8FB95423-88B2-46A9-B844-6554F8AFED6C} = {3F74FD99-2975-43D0-9F87-766E68842DE9}
		{75E91C6C-2940-41C4-82D1-19BF19FFBFDF} = {3F74FD99-2975-43D0-9F87-766E68842DE9}
		{49C4AB22-0783-457B-B12C-94DA97180648} = {3F74FD99-2975-43D0-9F87-766E68842DE9}
		{8575898F-AC7A-4892-BA4B-8EC5177282D3} = {3F74FD99-2975-43D0-9F87-766E68842DE9}
	EndGlobalSection
EndGlobal
