
Microsoft Visual Studio Solution File, Format Version 12.00
# Visual Studio Version 17
VisualStudioVersion = 17.0.31903.59
MinimumVisualStudioVersion = 10.0.40219.1
Project("{2150E333-8FDC-42A3-9474-1A3956D46DE8}") = "services", "services", "{8AC718D9-24E4-4A84-BDFE-AC6BE6961CE6}"
EndProject
Project("{FAE04EC0-301F-11D3-BF4B-00C04F79EFBC}") = "SuiFederationService", "services\SuiFederationService\SuiFederationService.csproj", "{3AC997ED-58CE-4FC7-931D-CF269AF17E20}"
EndProject
Project("{FAE04EC0-301F-11D3-BF4B-00C04F79EFBC}") = "SuiFederationServiceCommon", "services\SuiFederationServiceCommon\SuiFederationServiceCommon.csproj", "{6A7D1C52-3898-4FBC-9CF9-73495BD5EBAB}"
EndProject
Global
	GlobalSection(SolutionConfigurationPlatforms) = preSolution
		Debug|Any CPU = Debug|Any CPU
		Release|Any CPU = Release|Any CPU
	EndGlobalSection
	GlobalSection(SolutionProperties) = preSolution
		HideSolutionNode = FALSE
	EndGlobalSection
	GlobalSection(ProjectConfigurationPlatforms) = postSolution
		{3AC997ED-58CE-4FC7-931D-CF269AF17E20}.Debug|Any CPU.ActiveCfg = Debug|Any CPU
		{3AC997ED-58CE-4FC7-931D-CF269AF17E20}.Debug|Any CPU.Build.0 = Debug|Any CPU
		{3AC997ED-58CE-4FC7-931D-CF269AF17E20}.Release|Any CPU.ActiveCfg = Release|Any CPU
		{3AC997ED-58CE-4FC7-931D-CF269AF17E20}.Release|Any CPU.Build.0 = Release|Any CPU
		{6A7D1C52-3898-4FBC-9CF9-73495BD5EBAB}.Debug|Any CPU.ActiveCfg = Debug|Any CPU
		{6A7D1C52-3898-4FBC-9CF9-73495BD5EBAB}.Debug|Any CPU.Build.0 = Debug|Any CPU
		{6A7D1C52-3898-4FBC-9CF9-73495BD5EBAB}.Release|Any CPU.ActiveCfg = Release|Any CPU
		{6A7D1C52-3898-4FBC-9CF9-73495BD5EBAB}.Release|Any CPU.Build.0 = Release|Any CPU
	EndGlobalSection
	GlobalSection(NestedProjects) = preSolution
		{3AC997ED-58CE-4FC7-931D-CF269AF17E20} = {8AC718D9-24E4-4A84-BDFE-AC6BE6961CE6}
		{6A7D1C52-3898-4FBC-9CF9-73495BD5EBAB} = {8AC718D9-24E4-4A84-BDFE-AC6BE6961CE6}
	EndGlobalSection
EndGlobal
